# THIS IS AN AUTOGENERATED FILE. DO NOT EDIT THIS FILE DIRECTLY.
# yarn lockfile v1


"@types/node@^22.0.0":
  version "22.8.2"
  resolved "https://registry.yarnpkg.com/@types/node/-/node-22.8.2.tgz#8e82bb8201c0caf751dcdc61b0a262d2002d438b"
  integrity sha512-NzaRNFV+FZkvK/KLCsNdTvID0SThyrs5SHB6tsD/lajr22FGC73N2QeDPM2wHtVde8mgcXuSsHQkH5cX1pbPLw==
  dependencies:
    undici-types "~6.19.8"

typescript@^5.0.3:
  version "5.8.3"
  resolved "https://registry.yarnpkg.com/typescript/-/typescript-5.8.3.tgz#92f8a3e5e3cf497356f4178c34cd65a7f5e8440e"
  integrity sha512-p1diW6TqL9L07nNxvRMM7hMMw4c5XOo/1ibL4aAIGmSAt9slTE1Xgw5KWuof2uTOvCg9BY7ZRi+GaF+7sfgPeQ==

undici-types@~6.19.8:
  version "6.19.8"
  resolved "https://registry.yarnpkg.com/undici-types/-/undici-types-6.19.8.tgz#35111c9d1437ab83a7cdc0abae2f26d88eda0a02"
  integrity sha512-ve2KP6f/JnbPBFyobGHuerC9g1FYGn/F8n1LWTwNxCEzd6IfqTwUQcNXgEtmmQ6DlRrC1hrSrBnCZPokRrDHjw==
