# THIS IS AN AUTOGENERATED FILE. DO NOT EDIT THIS FILE DIRECTLY.
# yarn lockfile v1


"@types/node@^18.15.11":
  version "18.17.1"
  resolved "https://registry.yarnpkg.com/@types/node/-/node-18.17.1.tgz#84c32903bf3a09f7878c391d31ff08f6fe7d8335"
  integrity sha512-xlR1jahfizdplZYRU59JlUx9uzF1ARa8jbhM11ccpCJya8kvos5jwdm2ZAgxSCwOl0fq21svP18EVwPBXMQudw==

typescript@^5.0.3:
  version "5.1.5"
  resolved "https://registry.yarnpkg.com/typescript/-/typescript-5.1.5.tgz#a3ae755082488b6046fe64345d293ef26af08671"
  integrity sha512-FOH+WN/DQjUvN6WgW+c4Ml3yi0PH+a/8q+kNIfRehv1wLhWONedw85iu+vQ39Wp49IzTJEsZ2lyLXpBF7mkF1g==
